
Microsoft Visual Studio Solution File, Format Version 12.00
# Visual Studio Version 17
VisualStudioVersion = 17.10.34707.107
MinimumVisualStudioVersion = 10.0.40219.1
Project("{FAE04EC0-301F-11D3-BF4B-00C04F79EFBC}") = "Testovoe.LogsViewer", "Testovoe.LogsViewer\Testovoe.LogsViewer.csproj", "{889CEF74-CAA7-4002-AC19-9700C8985CF2}"
EndProject
Global
	GlobalSection(SolutionConfigurationPlatforms) = preSolution
		Debug|Any CPU = Debug|Any CPU
		Release|Any CPU = Release|Any CPU
	EndGlobalSection
	GlobalSection(ProjectConfigurationPlatforms) = postSolution
		{889CEF74-CAA7-4002-AC19-9700C8985CF2}.Debug|Any CPU.ActiveCfg = Debug|Any CPU
		{889CEF74-CAA7-4002-AC19-9700C8985CF2}.Debug|Any CPU.Build.0 = Debug|Any CPU
		{889CEF74-CAA7-4002-AC19-9700C8985CF2}.Release|Any CPU.ActiveCfg = Release|Any CPU
		{889CEF74-CAA7-4002-AC19-9700C8985CF2}.Release|Any CPU.Build.0 = Release|Any CPU
	EndGlobalSection
	GlobalSection(SolutionProperties) = preSolution
		HideSolutionNode = FALSE
	EndGlobalSection
	GlobalSection(ExtensibilityGlobals) = postSolution
		SolutionGuid = {8E14724C-6619-4D09-A0D4-D51E635C3F35}
	EndGlobalSection
EndGlobal
